
Microsoft Visual Studio Solution File, Format Version 12.00
# Visual Studio Version 17
VisualStudioVersion = 17.1.32407.343
MinimumVisualStudioVersion = 10.0.40219.1
Project("{9A19103F-16F7-4668-BE54-9A1E7A4F7556}") = "Dogovor.team.alif.tj", "Dogovor.team.alif.tj\Dogovor.team.alif.tj.csproj", "{73A6F3D1-5BE8-48DC-BCC2-A9D975E8753D}"
EndProject
Project("{9A19103F-16F7-4668-BE54-9A1E7A4F7556}") = "ConnectionProvider", "ConnectionProvider\ConnectionProvider.csproj", "{2E708A47-BF83-453A-B252-2846CC3B06DF}"
EndProject
Project("{9A19103F-16F7-4668-BE54-9A1E7A4F7556}") = "Entity", "Entities\Entity.csproj", "{F831BEEB-F43D-4871-9A4D-C6E2304393CC}"
EndProject
Project("{9A19103F-16F7-4668-BE54-9A1E7A4F7556}") = "Repository", "Repositories\Repository.csproj", "{24813827-A0D2-467B-944D-8CBDB36C0D4C}"
EndProject
Project("{9A19103F-16F7-4668-BE54-9A1E7A4F7556}") = "Service", "Services\Service.csproj", "{23FB0D77-1699-45F3-8A84-421F723B3133}"
EndProject
Global
	GlobalSection(SolutionConfigurationPlatforms) = preSolution
		Debug|Any CPU = Debug|Any CPU
		Release|Any CPU = Release|Any CPU
	EndGlobalSection
	GlobalSection(ProjectConfigurationPlatforms) = postSolution
		{73A6F3D1-5BE8-48DC-BCC2-A9D975E8753D}.Debug|Any CPU.ActiveCfg = Debug|Any CPU
		{73A6F3D1-5BE8-48DC-BCC2-A9D975E8753D}.Debug|Any CPU.Build.0 = Debug|Any CPU
		{73A6F3D1-5BE8-48DC-BCC2-A9D975E8753D}.Release|Any CPU.ActiveCfg = Release|Any CPU
		{73A6F3D1-5BE8-48DC-BCC2-A9D975E8753D}.Release|Any CPU.Build.0 = Release|Any CPU
		{2E708A47-BF83-453A-B252-2846CC3B06DF}.Debug|Any CPU.ActiveCfg = Debug|Any CPU
		{2E708A47-BF83-453A-B252-2846CC3B06DF}.Debug|Any CPU.Build.0 = Debug|Any CPU
		{2E708A47-BF83-453A-B252-2846CC3B06DF}.Release|Any CPU.ActiveCfg = Release|Any CPU
		{2E708A47-BF83-453A-B252-2846CC3B06DF}.Release|Any CPU.Build.0 = Release|Any CPU
		{F831BEEB-F43D-4871-9A4D-C6E2304393CC}.Debug|Any CPU.ActiveCfg = Debug|Any CPU
		{F831BEEB-F43D-4871-9A4D-C6E2304393CC}.Debug|Any CPU.Build.0 = Debug|Any CPU
		{F831BEEB-F43D-4871-9A4D-C6E2304393CC}.Release|Any CPU.ActiveCfg = Release|Any CPU
		{F831BEEB-F43D-4871-9A4D-C6E2304393CC}.Release|Any CPU.Build.0 = Release|Any CPU
		{24813827-A0D2-467B-944D-8CBDB36C0D4C}.Debug|Any CPU.ActiveCfg = Debug|Any CPU
		{24813827-A0D2-467B-944D-8CBDB36C0D4C}.Debug|Any CPU.Build.0 = Debug|Any CPU
		{24813827-A0D2-467B-944D-8CBDB36C0D4C}.Release|Any CPU.ActiveCfg = Release|Any CPU
		{24813827-A0D2-467B-944D-8CBDB36C0D4C}.Release|Any CPU.Build.0 = Release|Any CPU
		{23FB0D77-1699-45F3-8A84-421F723B3133}.Debug|Any CPU.ActiveCfg = Debug|Any CPU
		{23FB0D77-1699-45F3-8A84-421F723B3133}.Debug|Any CPU.Build.0 = Debug|Any CPU
		{23FB0D77-1699-45F3-8A84-421F723B3133}.Release|Any CPU.ActiveCfg = Release|Any CPU
		{23FB0D77-1699-45F3-8A84-421F723B3133}.Release|Any CPU.Build.0 = Release|Any CPU
	EndGlobalSection
	GlobalSection(SolutionProperties) = preSolution
		HideSolutionNode = FALSE
	EndGlobalSection
	GlobalSection(ExtensibilityGlobals) = postSolution
		SolutionGuid = {9373F33B-4515-4862-821D-9981A12E29AF}
	EndGlobalSection
EndGlobal
